
Microsoft Visual Studio Solution File, Format Version 11.00
# Visual Studio 2010
Project("{8BC9CEB8-8B4A-11D0-8D11-00A0C91BC942}") = "BasicDemo", "BasicDemo\BasicDemo_VS2010.vcxproj", "{96B023D7-3943-460A-B18D-4BFAF9C60F39}"
EndProject
Project("{8BC9CEB8-8B4A-11D0-8D11-00A0C91BC942}") = "MultipleCamera", "MultipleCamera\MultipleCamera_VS2010.vcxproj", "{1E43D864-4729-48FA-BD7D-39F21EB3C35D}"
EndProject
Project("{8BC9CEB8-8B4A-11D0-8D11-00A0C91BC942}") = "ForceIpDemo", "ForceIpDemo\ForceIpDemo_VS2010.vcxproj", "{E9672AA6-12A8-4A6E-99EF-6953629F38A7}"
EndProject
Project("{8BC9CEB8-8B4A-11D0-8D11-00A0C91BC942}") = "SetIO", "SetIO\SetIO_VS2010.vcxproj", "{82E0E16F-A3DF-4D28-9CB9-596CED7F55F4}"
EndProject
Project("{8BC9CEB8-8B4A-11D0-8D11-00A0C91BC942}") = "ConnectSpecCamera", "SimpleSamples\ConnectSpecCamera\ConnectSpecCamera_VS2010.vcxproj", "{66CBAB26-AE63-4217-A877-1D2D5CC91130}"
EndProject
Project("{8BC9CEB8-8B4A-11D0-8D11-00A0C91BC942}") = "ConvertPixelType", "SimpleSamples\ConvertPixelType\ConvertPixelType_VS2010.vcxproj", "{87DAAD8E-65C1-4B80-9B3C-32F310719AA2}"
EndProject
Project("{8BC9CEB8-8B4A-11D0-8D11-00A0C91BC942}") = "Grab_Callback", "SimpleSamples\Grab_Callback\Grab_Callback_VS2010.vcxproj", "{5766FB34-5E29-4881-A193-06A19E0DC70E}"
EndProject
Project("{8BC9CEB8-8B4A-11D0-8D11-00A0C91BC942}") = "GrabImage", "SimpleSamples\GrabImage\GrabImage_VS2010.vcxproj", "{DB06545F-3846-42CF-B1F9-2FC51CFF9463}"
EndProject
Project("{8BC9CEB8-8B4A-11D0-8D11-00A0C91BC942}") = "MultiCast", "SimpleSamples\MultiCast\MultiCast_VS2010.vcxproj", "{06E0E35C-EA36-4518-932E-45BF723F7DD6}"
EndProject
Project("{8BC9CEB8-8B4A-11D0-8D11-00A0C91BC942}") = "ParametrizeCamera_FileAccess", "SimpleSamples\ParametrizeCamera_FileAccess\ParametrizeCamera_FileAccess_VS2010.vcxproj", "{33F55654-EA4E-49ED-BFA5-474DF723485B}"
EndProject
Project("{8BC9CEB8-8B4A-11D0-8D11-00A0C91BC942}") = "ParametrizeCamera_LoadAndSave", "SimpleSamples\ParametrizeCamera_LoadAndSave\ParametrizeCamera_LoadAndSave_VS2010.vcxproj", "{10FE12DA-4FCA-4F1D-9836-AF121518F0C8}"
EndProject
Project("{8BC9CEB8-8B4A-11D0-8D11-00A0C91BC942}") = "Events", "SimpleSamples\Events\Events_VS2010.vcxproj", "{CCABE474-D46F-4303-A145-984BE65B81E7}"
EndProject
Project("{8BC9CEB8-8B4A-11D0-8D11-00A0C91BC942}") = "GrabImage_HighPerformance", "SimpleSamples\GrabImage_HighPerformance\GrabImage_HighPerformance_VS2010.vcxproj", "{8BD25A4B-259F-4429-AC11-60AB841CA2E8}"
EndProject
Project("{8BC9CEB8-8B4A-11D0-8D11-00A0C91BC942}") = "ChunkData", "SimpleSamples\ChunkData\ChunkData_VS2010.vcxproj", "{79306063-678D-4D7B-99E0-EA198436156D}"
EndProject
Project("{8BC9CEB8-8B4A-11D0-8D11-00A0C91BC942}") = "DynamicallyLoadDLL", "SimpleSamples\DynamicallyLoadDLL\DynamicallyLoadDLL_VS2010.vcxproj", "{38A64D05-E573-4C10-A248-E2A1062D91AA}"
EndProject
Project("{8BC9CEB8-8B4A-11D0-8D11-00A0C91BC942}") = "Grab_ActionCommand", "SimpleSamples\Grab_ActionCommand\Grab_ActionCommand_VS2010.vcxproj", "{6483CA5C-9BCD-4C6B-88B8-4A4741E1F04B}"
EndProject
Project("{8BC9CEB8-8B4A-11D0-8D11-00A0C91BC942}") = "Recording", "SimpleSamples\Recording\Recording_VS2010.vcxproj", "{0F355E86-3FDC-4DFF-BCA0-8DD5925B448B}"
EndProject
Project("{8BC9CEB8-8B4A-11D0-8D11-00A0C91BC942}") = "CamLBasicDemo", "SimpleSamples\CamLBasicDemo\CamLBasicDemo_VS2010.vcxproj", "{265E179D-2D2F-4785-9D17-183E9D133F3B}"
EndProject
Project("{8BC9CEB8-8B4A-11D0-8D11-00A0C91BC942}") = "GrabImage_Display", "SimpleSamples\GrabImage_Display\GrabImage_Display_VS2010.vcxproj", "{58F9DB78-919F-4D8F-BA2B-74B84A1111CA}"
EndProject
Project("{8BC9CEB8-8B4A-11D0-8D11-00A0C91BC942}") = "GrabStrategies", "SimpleSamples\GrabStrategies\GrabStrategies_VS2010.vcxproj", "{AC68F283-6614-4BED-BB25-0AC0915F8090}"
EndProject
Project("{8BC9CEB8-8B4A-11D0-8D11-00A0C91BC942}") = "ReconnectDemo", "ReconnectDemo\ReconnectDemo_VS2010.vcxproj", "{A54E8978-9D16-4EDC-BE1E-FA9B328C8AD0}"
EndProject
Project("{8BC9CEB8-8B4A-11D0-8D11-00A0C91BC942}") = "BasicDemoByGenTL", "BasicDemoByGenTL\BasicDemoByGenTL_VS2010.vcxproj", "{25EF8779-1EDC-4160-8C51-AEC70BE9AF1F}"
EndProject
Project("{8BC9CEB8-8B4A-11D0-8D11-00A0C91BC942}") = "SavePointCloudData_3D", "SimpleSamples\SavePonitCloudData_3D\SavePointCloudData_3D_VS2010.vcxproj", "{A37FF597-8CC3-4E7E-90A2-0428A43DCF1D}"
EndProject
Project("{8BC9CEB8-8B4A-11D0-8D11-00A0C91BC942}") = "HighBandwidthDecode", "SimpleSamples\HighBandwidthDecode\HighBandwidthDecode_VS2010.vcxproj", "{4944A3E8-B58E-41FB-97BB-598438EFBC01}"
EndProject
Project("{8BC9CEB8-8B4A-11D0-8D11-00A0C91BC942}") = "BayerSpatialDenoise", "SimpleSamples\BayerSpatialDenoise\BayerSpatialDenoise_VS2010.vcxproj", "{6731522C-1DD2-4906-8728-7CB8DD56F8EB}"
EndProject
Global
	GlobalSection(SolutionConfigurationPlatforms) = preSolution
		Debug|Win32 = Debug|Win32
		Debug|x64 = Debug|x64
		Release|Win32 = Release|Win32
		Release|x64 = Release|x64
	EndGlobalSection
	GlobalSection(ProjectConfigurationPlatforms) = postSolution
		{96B023D7-3943-460A-B18D-4BFAF9C60F39}.Debug|Win32.ActiveCfg = Debug|Win32
		{96B023D7-3943-460A-B18D-4BFAF9C60F39}.Debug|Win32.Build.0 = Debug|Win32
		{96B023D7-3943-460A-B18D-4BFAF9C60F39}.Debug|x64.ActiveCfg = Debug|x64
		{96B023D7-3943-460A-B18D-4BFAF9C60F39}.Debug|x64.Build.0 = Debug|x64
		{96B023D7-3943-460A-B18D-4BFAF9C60F39}.Release|Win32.ActiveCfg = Release|Win32
		{96B023D7-3943-460A-B18D-4BFAF9C60F39}.Release|Win32.Build.0 = Release|Win32
		{96B023D7-3943-460A-B18D-4BFAF9C60F39}.Release|x64.ActiveCfg = Release|x64
		{96B023D7-3943-460A-B18D-4BFAF9C60F39}.Release|x64.Build.0 = Release|x64
		{1E43D864-4729-48FA-BD7D-39F21EB3C35D}.Debug|Win32.ActiveCfg = Debug|Win32
		{1E43D864-4729-48FA-BD7D-39F21EB3C35D}.Debug|Win32.Build.0 = Debug|Win32
		{1E43D864-4729-48FA-BD7D-39F21EB3C35D}.Debug|x64.ActiveCfg = Debug|x64
		{1E43D864-4729-48FA-BD7D-39F21EB3C35D}.Debug|x64.Build.0 = Debug|x64
		{1E43D864-4729-48FA-BD7D-39F21EB3C35D}.Release|Win32.ActiveCfg = Release|Win32
		{1E43D864-4729-48FA-BD7D-39F21EB3C35D}.Release|Win32.Build.0 = Release|Win32
		{1E43D864-4729-48FA-BD7D-39F21EB3C35D}.Release|x64.ActiveCfg = Release|x64
		{1E43D864-4729-48FA-BD7D-39F21EB3C35D}.Release|x64.Build.0 = Release|x64
		{E9672AA6-12A8-4A6E-99EF-6953629F38A7}.Debug|Win32.ActiveCfg = Debug|Win32
		{E9672AA6-12A8-4A6E-99EF-6953629F38A7}.Debug|Win32.Build.0 = Debug|Win32
		{E9672AA6-12A8-4A6E-99EF-6953629F38A7}.Debug|x64.ActiveCfg = Debug|x64
		{E9672AA6-12A8-4A6E-99EF-6953629F38A7}.Debug|x64.Build.0 = Debug|x64
		{E9672AA6-12A8-4A6E-99EF-6953629F38A7}.Release|Win32.ActiveCfg = Release|Win32
		{E9672AA6-12A8-4A6E-99EF-6953629F38A7}.Release|Win32.Build.0 = Release|Win32
		{E9672AA6-12A8-4A6E-99EF-6953629F38A7}.Release|x64.ActiveCfg = Release|x64
		{E9672AA6-12A8-4A6E-99EF-6953629F38A7}.Release|x64.Build.0 = Release|x64
		{82E0E16F-A3DF-4D28-9CB9-596CED7F55F4}.Debug|Win32.ActiveCfg = Debug|Win32
		{82E0E16F-A3DF-4D28-9CB9-596CED7F55F4}.Debug|Win32.Build.0 = Debug|Win32
		{82E0E16F-A3DF-4D28-9CB9-596CED7F55F4}.Debug|x64.ActiveCfg = Debug|x64
		{82E0E16F-A3DF-4D28-9CB9-596CED7F55F4}.Debug|x64.Build.0 = Debug|x64
		{82E0E16F-A3DF-4D28-9CB9-596CED7F55F4}.Release|Win32.ActiveCfg = Release|Win32
		{82E0E16F-A3DF-4D28-9CB9-596CED7F55F4}.Release|Win32.Build.0 = Release|Win32
		{82E0E16F-A3DF-4D28-9CB9-596CED7F55F4}.Release|x64.ActiveCfg = Release|x64
		{82E0E16F-A3DF-4D28-9CB9-596CED7F55F4}.Release|x64.Build.0 = Release|x64
		{66CBAB26-AE63-4217-A877-1D2D5CC91130}.Debug|Win32.ActiveCfg = Debug|Win32
		{66CBAB26-AE63-4217-A877-1D2D5CC91130}.Debug|Win32.Build.0 = Debug|Win32
		{66CBAB26-AE63-4217-A877-1D2D5CC91130}.Debug|x64.ActiveCfg = Debug|x64
		{66CBAB26-AE63-4217-A877-1D2D5CC91130}.Debug|x64.Build.0 = Debug|x64
		{66CBAB26-AE63-4217-A877-1D2D5CC91130}.Release|Win32.ActiveCfg = Release|Win32
		{66CBAB26-AE63-4217-A877-1D2D5CC91130}.Release|Win32.Build.0 = Release|Win32
		{66CBAB26-AE63-4217-A877-1D2D5CC91130}.Release|x64.ActiveCfg = Release|x64
		{66CBAB26-AE63-4217-A877-1D2D5CC91130}.Release|x64.Build.0 = Release|x64
		{87DAAD8E-65C1-4B80-9B3C-32F310719AA2}.Debug|Win32.ActiveCfg = Debug|Win32
		{87DAAD8E-65C1-4B80-9B3C-32F310719AA2}.Debug|Win32.Build.0 = Debug|Win32
		{87DAAD8E-65C1-4B80-9B3C-32F310719AA2}.Debug|x64.ActiveCfg = Debug|x64
		{87DAAD8E-65C1-4B80-9B3C-32F310719AA2}.Debug|x64.Build.0 = Debug|x64
		{87DAAD8E-65C1-4B80-9B3C-32F310719AA2}.Release|Win32.ActiveCfg = Release|Win32
		{87DAAD8E-65C1-4B80-9B3C-32F310719AA2}.Release|Win32.Build.0 = Release|Win32
		{87DAAD8E-65C1-4B80-9B3C-32F310719AA2}.Release|x64.ActiveCfg = Release|x64
		{87DAAD8E-65C1-4B80-9B3C-32F310719AA2}.Release|x64.Build.0 = Release|x64
		{5766FB34-5E29-4881-A193-06A19E0DC70E}.Debug|Win32.ActiveCfg = Debug|Win32
		{5766FB34-5E29-4881-A193-06A19E0DC70E}.Debug|Win32.Build.0 = Debug|Win32
		{5766FB34-5E29-4881-A193-06A19E0DC70E}.Debug|x64.ActiveCfg = Debug|x64
		{5766FB34-5E29-4881-A193-06A19E0DC70E}.Debug|x64.Build.0 = Debug|x64
		{5766FB34-5E29-4881-A193-06A19E0DC70E}.Release|Win32.ActiveCfg = Release|Win32
		{5766FB34-5E29-4881-A193-06A19E0DC70E}.Release|Win32.Build.0 = Release|Win32
		{5766FB34-5E29-4881-A193-06A19E0DC70E}.Release|x64.ActiveCfg = Release|x64
		{5766FB34-5E29-4881-A193-06A19E0DC70E}.Release|x64.Build.0 = Release|x64
		{DB06545F-3846-42CF-B1F9-2FC51CFF9463}.Debug|Win32.ActiveCfg = Debug|Win32
		{DB06545F-3846-42CF-B1F9-2FC51CFF9463}.Debug|Win32.Build.0 = Debug|Win32
		{DB06545F-3846-42CF-B1F9-2FC51CFF9463}.Debug|x64.ActiveCfg = Debug|x64
		{DB06545F-3846-42CF-B1F9-2FC51CFF9463}.Debug|x64.Build.0 = Debug|x64
		{DB06545F-3846-42CF-B1F9-2FC51CFF9463}.Release|Win32.ActiveCfg = Release|Win32
		{DB06545F-3846-42CF-B1F9-2FC51CFF9463}.Release|Win32.Build.0 = Release|Win32
		{DB06545F-3846-42CF-B1F9-2FC51CFF9463}.Release|x64.ActiveCfg = Release|x64
		{DB06545F-3846-42CF-B1F9-2FC51CFF9463}.Release|x64.Build.0 = Release|x64
		{06E0E35C-EA36-4518-932E-45BF723F7DD6}.Debug|Win32.ActiveCfg = Debug|Win32
		{06E0E35C-EA36-4518-932E-45BF723F7DD6}.Debug|Win32.Build.0 = Debug|Win32
		{06E0E35C-EA36-4518-932E-45BF723F7DD6}.Debug|x64.ActiveCfg = Debug|x64
		{06E0E35C-EA36-4518-932E-45BF723F7DD6}.Debug|x64.Build.0 = Debug|x64
		{06E0E35C-EA36-4518-932E-45BF723F7DD6}.Release|Win32.ActiveCfg = Release|Win32
		{06E0E35C-EA36-4518-932E-45BF723F7DD6}.Release|Win32.Build.0 = Release|Win32
		{06E0E35C-EA36-4518-932E-45BF723F7DD6}.Release|x64.ActiveCfg = Release|x64
		{06E0E35C-EA36-4518-932E-45BF723F7DD6}.Release|x64.Build.0 = Release|x64
		{33F55654-EA4E-49ED-BFA5-474DF723485B}.Debug|Win32.ActiveCfg = Debug|Win32
		{33F55654-EA4E-49ED-BFA5-474DF723485B}.Debug|Win32.Build.0 = Debug|Win32
		{33F55654-EA4E-49ED-BFA5-474DF723485B}.Debug|x64.ActiveCfg = Debug|x64
		{33F55654-EA4E-49ED-BFA5-474DF723485B}.Debug|x64.Build.0 = Debug|x64
		{33F55654-EA4E-49ED-BFA5-474DF723485B}.Release|Win32.ActiveCfg = Release|Win32
		{33F55654-EA4E-49ED-BFA5-474DF723485B}.Release|Win32.Build.0 = Release|Win32
		{33F55654-EA4E-49ED-BFA5-474DF723485B}.Release|x64.ActiveCfg = Release|x64
		{33F55654-EA4E-49ED-BFA5-474DF723485B}.Release|x64.Build.0 = Release|x64
		{10FE12DA-4FCA-4F1D-9836-AF121518F0C8}.Debug|Win32.ActiveCfg = Debug|Win32
		{10FE12DA-4FCA-4F1D-9836-AF121518F0C8}.Debug|Win32.Build.0 = Debug|Win32
		{10FE12DA-4FCA-4F1D-9836-AF121518F0C8}.Debug|x64.ActiveCfg = Debug|x64
		{10FE12DA-4FCA-4F1D-9836-AF121518F0C8}.Debug|x64.Build.0 = Debug|x64
		{10FE12DA-4FCA-4F1D-9836-AF121518F0C8}.Release|Win32.ActiveCfg = Release|Win32
		{10FE12DA-4FCA-4F1D-9836-AF121518F0C8}.Release|Win32.Build.0 = Release|Win32
		{10FE12DA-4FCA-4F1D-9836-AF121518F0C8}.Release|x64.ActiveCfg = Release|x64
		{10FE12DA-4FCA-4F1D-9836-AF121518F0C8}.Release|x64.Build.0 = Release|x64
		{CCABE474-D46F-4303-A145-984BE65B81E7}.Debug|Win32.ActiveCfg = Debug|Win32
		{CCABE474-D46F-4303-A145-984BE65B81E7}.Debug|Win32.Build.0 = Debug|Win32
		{CCABE474-D46F-4303-A145-984BE65B81E7}.Debug|x64.ActiveCfg = Debug|x64
		{CCABE474-D46F-4303-A145-984BE65B81E7}.Debug|x64.Build.0 = Debug|x64
		{CCABE474-D46F-4303-A145-984BE65B81E7}.Release|Win32.ActiveCfg = Release|Win32
		{CCABE474-D46F-4303-A145-984BE65B81E7}.Release|Win32.Build.0 = Release|Win32
		{CCABE474-D46F-4303-A145-984BE65B81E7}.Release|x64.ActiveCfg = Release|x64
		{CCABE474-D46F-4303-A145-984BE65B81E7}.Release|x64.Build.0 = Release|x64
		{8BD25A4B-259F-4429-AC11-60AB841CA2E8}.Debug|Win32.ActiveCfg = Debug|Win32
		{8BD25A4B-259F-4429-AC11-60AB841CA2E8}.Debug|Win32.Build.0 = Debug|Win32
		{8BD25A4B-259F-4429-AC11-60AB841CA2E8}.Debug|x64.ActiveCfg = Debug|x64
		{8BD25A4B-259F-4429-AC11-60AB841CA2E8}.Debug|x64.Build.0 = Debug|x64
		{8BD25A4B-259F-4429-AC11-60AB841CA2E8}.Release|Win32.ActiveCfg = Release|Win32
		{8BD25A4B-259F-4429-AC11-60AB841CA2E8}.Release|Win32.Build.0 = Release|Win32
		{8BD25A4B-259F-4429-AC11-60AB841CA2E8}.Release|x64.ActiveCfg = Release|x64
		{8BD25A4B-259F-4429-AC11-60AB841CA2E8}.Release|x64.Build.0 = Release|x64
		{79306063-678D-4D7B-99E0-EA198436156D}.Debug|Win32.ActiveCfg = Debug|Win32
		{79306063-678D-4D7B-99E0-EA198436156D}.Debug|Win32.Build.0 = Debug|Win32
		{79306063-678D-4D7B-99E0-EA198436156D}.Debug|x64.ActiveCfg = Debug|x64
		{79306063-678D-4D7B-99E0-EA198436156D}.Debug|x64.Build.0 = Debug|x64
		{79306063-678D-4D7B-99E0-EA198436156D}.Release|Win32.ActiveCfg = Release|Win32
		{79306063-678D-4D7B-99E0-EA198436156D}.Release|Win32.Build.0 = Release|Win32
		{79306063-678D-4D7B-99E0-EA198436156D}.Release|x64.ActiveCfg = Release|x64
		{79306063-678D-4D7B-99E0-EA198436156D}.Release|x64.Build.0 = Release|x64
		{38A64D05-E573-4C10-A248-E2A1062D91AA}.Debug|Win32.ActiveCfg = Debug|Win32
		{38A64D05-E573-4C10-A248-E2A1062D91AA}.Debug|Win32.Build.0 = Debug|Win32
		{38A64D05-E573-4C10-A248-E2A1062D91AA}.Debug|x64.ActiveCfg = Debug|x64
		{38A64D05-E573-4C10-A248-E2A1062D91AA}.Debug|x64.Build.0 = Debug|x64
		{38A64D05-E573-4C10-A248-E2A1062D91AA}.Release|Win32.ActiveCfg = Release|Win32
		{38A64D05-E573-4C10-A248-E2A1062D91AA}.Release|Win32.Build.0 = Release|Win32
		{38A64D05-E573-4C10-A248-E2A1062D91AA}.Release|x64.ActiveCfg = Release|x64
		{38A64D05-E573-4C10-A248-E2A1062D91AA}.Release|x64.Build.0 = Release|x64
		{6483CA5C-9BCD-4C6B-88B8-4A4741E1F04B}.Debug|Win32.ActiveCfg = Debug|Win32
		{6483CA5C-9BCD-4C6B-88B8-4A4741E1F04B}.Debug|Win32.Build.0 = Debug|Win32
		{6483CA5C-9BCD-4C6B-88B8-4A4741E1F04B}.Debug|x64.ActiveCfg = Debug|x64
		{6483CA5C-9BCD-4C6B-88B8-4A4741E1F04B}.Debug|x64.Build.0 = Debug|x64
		{6483CA5C-9BCD-4C6B-88B8-4A4741E1F04B}.Release|Win32.ActiveCfg = Release|Win32
		{6483CA5C-9BCD-4C6B-88B8-4A4741E1F04B}.Release|Win32.Build.0 = Release|Win32
		{6483CA5C-9BCD-4C6B-88B8-4A4741E1F04B}.Release|x64.ActiveCfg = Release|x64
		{6483CA5C-9BCD-4C6B-88B8-4A4741E1F04B}.Release|x64.Build.0 = Release|x64
		{0F355E86-3FDC-4DFF-BCA0-8DD5925B448B}.Debug|Win32.ActiveCfg = Debug|Win32
		{0F355E86-3FDC-4DFF-BCA0-8DD5925B448B}.Debug|Win32.Build.0 = Debug|Win32
		{0F355E86-3FDC-4DFF-BCA0-8DD5925B448B}.Debug|x64.ActiveCfg = Debug|x64
		{0F355E86-3FDC-4DFF-BCA0-8DD5925B448B}.Debug|x64.Build.0 = Debug|x64
		{0F355E86-3FDC-4DFF-BCA0-8DD5925B448B}.Release|Win32.ActiveCfg = Release|Win32
		{0F355E86-3FDC-4DFF-BCA0-8DD5925B448B}.Release|Win32.Build.0 = Release|Win32
		{0F355E86-3FDC-4DFF-BCA0-8DD5925B448B}.Release|x64.ActiveCfg = Release|x64
		{0F355E86-3FDC-4DFF-BCA0-8DD5925B448B}.Release|x64.Build.0 = Release|x64
		{265E179D-2D2F-4785-9D17-183E9D133F3B}.Debug|Win32.ActiveCfg = Debug|Win32
		{265E179D-2D2F-4785-9D17-183E9D133F3B}.Debug|Win32.Build.0 = Debug|Win32
		{265E179D-2D2F-4785-9D17-183E9D133F3B}.Debug|x64.ActiveCfg = Debug|x64
		{265E179D-2D2F-4785-9D17-183E9D133F3B}.Debug|x64.Build.0 = Debug|x64
		{265E179D-2D2F-4785-9D17-183E9D133F3B}.Release|Win32.ActiveCfg = Release|Win32
		{265E179D-2D2F-4785-9D17-183E9D133F3B}.Release|Win32.Build.0 = Release|Win32
		{265E179D-2D2F-4785-9D17-183E9D133F3B}.Release|x64.ActiveCfg = Release|x64
		{265E179D-2D2F-4785-9D17-183E9D133F3B}.Release|x64.Build.0 = Release|x64
		{58F9DB78-919F-4D8F-BA2B-74B84A1111CA}.Debug|Win32.ActiveCfg = Debug|Win32
		{58F9DB78-919F-4D8F-BA2B-74B84A1111CA}.Debug|Win32.Build.0 = Debug|Win32
		{58F9DB78-919F-4D8F-BA2B-74B84A1111CA}.Debug|x64.ActiveCfg = Debug|x64
		{58F9DB78-919F-4D8F-BA2B-74B84A1111CA}.Debug|x64.Build.0 = Debug|x64
		{58F9DB78-919F-4D8F-BA2B-74B84A1111CA}.Release|Win32.ActiveCfg = Release|Win32
		{58F9DB78-919F-4D8F-BA2B-74B84A1111CA}.Release|Win32.Build.0 = Release|Win32
		{58F9DB78-919F-4D8F-BA2B-74B84A1111CA}.Release|x64.ActiveCfg = Release|x64
		{58F9DB78-919F-4D8F-BA2B-74B84A1111CA}.Release|x64.Build.0 = Release|x64
		{AC68F283-6614-4BED-BB25-0AC0915F8090}.Debug|Win32.ActiveCfg = Debug|Win32
		{AC68F283-6614-4BED-BB25-0AC0915F8090}.Debug|Win32.Build.0 = Debug|Win32
		{AC68F283-6614-4BED-BB25-0AC0915F8090}.Debug|x64.ActiveCfg = Debug|x64
		{AC68F283-6614-4BED-BB25-0AC0915F8090}.Debug|x64.Build.0 = Debug|x64
		{AC68F283-6614-4BED-BB25-0AC0915F8090}.Release|Win32.ActiveCfg = Release|Win32
		{AC68F283-6614-4BED-BB25-0AC0915F8090}.Release|Win32.Build.0 = Release|Win32
		{AC68F283-6614-4BED-BB25-0AC0915F8090}.Release|x64.ActiveCfg = Release|x64
		{AC68F283-6614-4BED-BB25-0AC0915F8090}.Release|x64.Build.0 = Release|x64
		{A54E8978-9D16-4EDC-BE1E-FA9B328C8AD0}.Debug|Win32.ActiveCfg = Debug|Win32
		{A54E8978-9D16-4EDC-BE1E-FA9B328C8AD0}.Debug|Win32.Build.0 = Debug|Win32
		{A54E8978-9D16-4EDC-BE1E-FA9B328C8AD0}.Debug|x64.ActiveCfg = Debug|x64
		{A54E8978-9D16-4EDC-BE1E-FA9B328C8AD0}.Debug|x64.Build.0 = Debug|x64
		{A54E8978-9D16-4EDC-BE1E-FA9B328C8AD0}.Release|Win32.ActiveCfg = Release|Win32
		{A54E8978-9D16-4EDC-BE1E-FA9B328C8AD0}.Release|Win32.Build.0 = Release|Win32
		{A54E8978-9D16-4EDC-BE1E-FA9B328C8AD0}.Release|x64.ActiveCfg = Release|x64
		{A54E8978-9D16-4EDC-BE1E-FA9B328C8AD0}.Release|x64.Build.0 = Release|x64
		{25EF8779-1EDC-4160-8C51-AEC70BE9AF1F}.Debug|Win32.ActiveCfg = Debug|Win32
		{25EF8779-1EDC-4160-8C51-AEC70BE9AF1F}.Debug|Win32.Build.0 = Debug|Win32
		{25EF8779-1EDC-4160-8C51-AEC70BE9AF1F}.Debug|x64.ActiveCfg = Debug|x64
		{25EF8779-1EDC-4160-8C51-AEC70BE9AF1F}.Debug|x64.Build.0 = Debug|x64
		{25EF8779-1EDC-4160-8C51-AEC70BE9AF1F}.Release|Win32.ActiveCfg = Release|Win32
		{25EF8779-1EDC-4160-8C51-AEC70BE9AF1F}.Release|Win32.Build.0 = Release|Win32
		{25EF8779-1EDC-4160-8C51-AEC70BE9AF1F}.Release|x64.ActiveCfg = Release|x64
		{25EF8779-1EDC-4160-8C51-AEC70BE9AF1F}.Release|x64.Build.0 = Release|x64
		{A37FF597-8CC3-4E7E-90A2-0428A43DCF1D}.Debug|Win32.ActiveCfg = Debug|Win32
		{A37FF597-8CC3-4E7E-90A2-0428A43DCF1D}.Debug|Win32.Build.0 = Debug|Win32
		{A37FF597-8CC3-4E7E-90A2-0428A43DCF1D}.Debug|x64.ActiveCfg = Debug|x64
		{A37FF597-8CC3-4E7E-90A2-0428A43DCF1D}.Debug|x64.Build.0 = Debug|x64
		{A37FF597-8CC3-4E7E-90A2-0428A43DCF1D}.Release|Win32.ActiveCfg = Release|Win32
		{A37FF597-8CC3-4E7E-90A2-0428A43DCF1D}.Release|Win32.Build.0 = Release|Win32
		{A37FF597-8CC3-4E7E-90A2-0428A43DCF1D}.Release|x64.ActiveCfg = Release|x64
		{A37FF597-8CC3-4E7E-90A2-0428A43DCF1D}.Release|x64.Build.0 = Release|x64
		{4944A3E8-B58E-41FB-97BB-598438EFBC01}.Debug|Win32.ActiveCfg = Debug|Win32
		{4944A3E8-B58E-41FB-97BB-598438EFBC01}.Debug|Win32.Build.0 = Debug|Win32
		{4944A3E8-B58E-41FB-97BB-598438EFBC01}.Debug|x64.ActiveCfg = Debug|x64
		{4944A3E8-B58E-41FB-97BB-598438EFBC01}.Debug|x64.Build.0 = Debug|x64
		{4944A3E8-B58E-41FB-97BB-598438EFBC01}.Release|Win32.ActiveCfg = Release|Win32
		{4944A3E8-B58E-41FB-97BB-598438EFBC01}.Release|Win32.Build.0 = Release|Win32
		{4944A3E8-B58E-41FB-97BB-598438EFBC01}.Release|x64.ActiveCfg = Release|x64
		{4944A3E8-B58E-41FB-97BB-598438EFBC01}.Release|x64.Build.0 = Release|x64
		{6731522C-1DD2-4906-8728-7CB8DD56F8EB}.Debug|Win32.ActiveCfg = Debug|Win32
		{6731522C-1DD2-4906-8728-7CB8DD56F8EB}.Debug|Win32.Build.0 = Debug|Win32
		{6731522C-1DD2-4906-8728-7CB8DD56F8EB}.Debug|x64.ActiveCfg = Debug|x64
		{6731522C-1DD2-4906-8728-7CB8DD56F8EB}.Debug|x64.Build.0 = Debug|x64
		{6731522C-1DD2-4906-8728-7CB8DD56F8EB}.Release|Win32.ActiveCfg = Release|Win32
		{6731522C-1DD2-4906-8728-7CB8DD56F8EB}.Release|Win32.Build.0 = Release|Win32
		{6731522C-1DD2-4906-8728-7CB8DD56F8EB}.Release|x64.ActiveCfg = Release|x64
		{6731522C-1DD2-4906-8728-7CB8DD56F8EB}.Release|x64.Build.0 = Release|x64
	EndGlobalSection
	GlobalSection(SolutionProperties) = preSolution
		HideSolutionNode = FALSE
	EndGlobalSection
EndGlobal
