
Microsoft Visual Studio Solution File, Format Version 10.00
# Visual Studio 2008
Project("{F184B08F-C81C-45F6-A57F-5ABD9991F28F}") = "BasicDemo", "BasicDemo\BasicDemo.vbproj", "{F7816713-6005-4098-AC6F-62ADA42EDC22}"
EndProject
Project("{F184B08F-C81C-45F6-A57F-5ABD9991F28F}") = "ForceIpDemo", "ForceIpDemo\ForceIpDemo.vbproj", "{C5377D1C-4DDE-418B-A2B8-EC51CC027BF2}"
EndProject
Project("{F184B08F-C81C-45F6-A57F-5ABD9991F28F}") = "MultipleDemo", "MultipleDemo\MultipleDemo.vbproj", "{CD94E32D-286C-47F1-9CD1-CE08B473FEDD}"
EndProject
Project("{F184B08F-C81C-45F6-A57F-5ABD9991F28F}") = "SetIODemo", "SetIODemo\SetIODemo.vbproj", "{7AD9EC7C-3F98-4FCD-9CBE-AAAD9D02E08B}"
EndProject
Project("{F184B08F-C81C-45F6-A57F-5ABD9991F28F}") = "ReconnectDemo", "ReconnectDemo\ReconnectDemo.vbproj", "{4C07F958-051A-4851-A619-A950F0ED1412}"
EndProject
Project("{F184B08F-C81C-45F6-A57F-5ABD9991F28F}") = "ConnectSpecCamera", "SimpleSameples\ConnectSpecCamera\ConnectSpecCamera.vbproj", "{4ADF592F-053D-4D92-90F5-E47243F93A01}"
EndProject
Project("{F184B08F-C81C-45F6-A57F-5ABD9991F28F}") = "ConvertPixelType", "SimpleSameples\ConvertPixelType\ConvertPixelType.vbproj", "{52FEF577-933E-4888-806F-6E9A4C562202}"
EndProject
Project("{F184B08F-C81C-45F6-A57F-5ABD9991F28F}") = "Grab_Callback", "SimpleSameples\Grab_Callback\Grab_Callback.vbproj", "{160B61BF-5CB1-45D7-90FC-FA27BAB8369E}"
EndProject
Project("{F184B08F-C81C-45F6-A57F-5ABD9991F28F}") = "GrabImage", "SimpleSameples\GrabImage\GrabImage.vbproj", "{24C023EA-6DD7-4B3C-A299-50E97A2D9B16}"
EndProject
Project("{F184B08F-C81C-45F6-A57F-5ABD9991F28F}") = "MultiCast", "SimpleSameples\MultiCast\MultiCast.vbproj", "{9B237155-C0DE-499F-AB05-81941AEDC762}"
EndProject
Project("{F184B08F-C81C-45F6-A57F-5ABD9991F28F}") = "ParametrizeCamera_FileAccess", "SimpleSameples\ParametrizeCamera_FileAccess\ParametrizeCamera_FileAccess.vbproj", "{5DC44B07-15DD-4FD7-8DBC-B8E0ECF6F5D1}"
EndProject
Project("{F184B08F-C81C-45F6-A57F-5ABD9991F28F}") = "ParametrizeCamera_LoadAndSave", "SimpleSameples\ParametrizeCamera_LoadAndSave\ParametrizeCamera_LoadAndSave.vbproj", "{B2806B90-506F-4C85-A7FE-1192E5D1657C}"
EndProject
Project("{F184B08F-C81C-45F6-A57F-5ABD9991F28F}") = "Events", "SimpleSameples\Events\Events.vbproj", "{2EABABCA-B32A-4CEE-B27E-C30D1B966F1A}"
EndProject
Project("{F184B08F-C81C-45F6-A57F-5ABD9991F28F}") = "GrabImage_HighPerformance", "SimpleSameples\GrabImage_HighPerformance\GrabImage_HighPerformance.vbproj", "{85953F91-597A-457A-9FC6-DF671F13B0E0}"
EndProject
Project("{F184B08F-C81C-45F6-A57F-5ABD9991F28F}") = "GrabStrategies", "SimpleSameples\GrabStrategies\GrabStrategies.vbproj", "{8D4E08DF-1C3E-4CB5-97F5-337B59BF08B9}"
EndProject
Project("{F184B08F-C81C-45F6-A57F-5ABD9991F28F}") = "SavePonitCloudData_3D", "SimpleSameples\SavePonitCloudData_3D\SavePonitCloudData_3D.vbproj", "{F35FFB65-2F80-444C-87C7-E0B49683E7D9}"
EndProject
Global
	GlobalSection(SolutionConfigurationPlatforms) = preSolution
		Debug|Any CPU = Debug|Any CPU
		Debug|x64 = Debug|x64
		Debug|x86 = Debug|x86
		Release|Any CPU = Release|Any CPU
		Release|x64 = Release|x64
		Release|x86 = Release|x86
	EndGlobalSection
	GlobalSection(ProjectConfigurationPlatforms) = postSolution
		{F7816713-6005-4098-AC6F-62ADA42EDC22}.Debug|Any CPU.ActiveCfg = Debug|Any CPU
		{F7816713-6005-4098-AC6F-62ADA42EDC22}.Debug|Any CPU.Build.0 = Debug|Any CPU
		{F7816713-6005-4098-AC6F-62ADA42EDC22}.Debug|x64.ActiveCfg = Debug|x64
		{F7816713-6005-4098-AC6F-62ADA42EDC22}.Debug|x64.Build.0 = Debug|x64
		{F7816713-6005-4098-AC6F-62ADA42EDC22}.Debug|x86.ActiveCfg = Debug|x86
		{F7816713-6005-4098-AC6F-62ADA42EDC22}.Debug|x86.Build.0 = Debug|x86
		{F7816713-6005-4098-AC6F-62ADA42EDC22}.Release|Any CPU.ActiveCfg = Release|Any CPU
		{F7816713-6005-4098-AC6F-62ADA42EDC22}.Release|Any CPU.Build.0 = Release|Any CPU
		{F7816713-6005-4098-AC6F-62ADA42EDC22}.Release|x64.ActiveCfg = Release|x64
		{F7816713-6005-4098-AC6F-62ADA42EDC22}.Release|x64.Build.0 = Release|x64
		{F7816713-6005-4098-AC6F-62ADA42EDC22}.Release|x86.ActiveCfg = Release|x86
		{F7816713-6005-4098-AC6F-62ADA42EDC22}.Release|x86.Build.0 = Release|x86
		{C5377D1C-4DDE-418B-A2B8-EC51CC027BF2}.Debug|Any CPU.ActiveCfg = Debug|Any CPU
		{C5377D1C-4DDE-418B-A2B8-EC51CC027BF2}.Debug|Any CPU.Build.0 = Debug|Any CPU
		{C5377D1C-4DDE-418B-A2B8-EC51CC027BF2}.Debug|x64.ActiveCfg = Debug|x64
		{C5377D1C-4DDE-418B-A2B8-EC51CC027BF2}.Debug|x64.Build.0 = Debug|x64
		{C5377D1C-4DDE-418B-A2B8-EC51CC027BF2}.Debug|x86.ActiveCfg = Debug|x86
		{C5377D1C-4DDE-418B-A2B8-EC51CC027BF2}.Debug|x86.Build.0 = Debug|x86
		{C5377D1C-4DDE-418B-A2B8-EC51CC027BF2}.Release|Any CPU.ActiveCfg = Release|Any CPU
		{C5377D1C-4DDE-418B-A2B8-EC51CC027BF2}.Release|Any CPU.Build.0 = Release|Any CPU
		{C5377D1C-4DDE-418B-A2B8-EC51CC027BF2}.Release|x64.ActiveCfg = Release|x64
		{C5377D1C-4DDE-418B-A2B8-EC51CC027BF2}.Release|x64.Build.0 = Release|x64
		{C5377D1C-4DDE-418B-A2B8-EC51CC027BF2}.Release|x86.ActiveCfg = Release|x86
		{C5377D1C-4DDE-418B-A2B8-EC51CC027BF2}.Release|x86.Build.0 = Release|x86
		{CD94E32D-286C-47F1-9CD1-CE08B473FEDD}.Debug|Any CPU.ActiveCfg = Debug|Any CPU
		{CD94E32D-286C-47F1-9CD1-CE08B473FEDD}.Debug|Any CPU.Build.0 = Debug|Any CPU
		{CD94E32D-286C-47F1-9CD1-CE08B473FEDD}.Debug|x64.ActiveCfg = Debug|x64
		{CD94E32D-286C-47F1-9CD1-CE08B473FEDD}.Debug|x64.Build.0 = Debug|x64
		{CD94E32D-286C-47F1-9CD1-CE08B473FEDD}.Debug|x86.ActiveCfg = Debug|x86
		{CD94E32D-286C-47F1-9CD1-CE08B473FEDD}.Debug|x86.Build.0 = Debug|x86
		{CD94E32D-286C-47F1-9CD1-CE08B473FEDD}.Release|Any CPU.ActiveCfg = Release|Any CPU
		{CD94E32D-286C-47F1-9CD1-CE08B473FEDD}.Release|Any CPU.Build.0 = Release|Any CPU
		{CD94E32D-286C-47F1-9CD1-CE08B473FEDD}.Release|x64.ActiveCfg = Release|x64
		{CD94E32D-286C-47F1-9CD1-CE08B473FEDD}.Release|x64.Build.0 = Release|x64
		{CD94E32D-286C-47F1-9CD1-CE08B473FEDD}.Release|x86.ActiveCfg = Release|x86
		{CD94E32D-286C-47F1-9CD1-CE08B473FEDD}.Release|x86.Build.0 = Release|x86
		{7AD9EC7C-3F98-4FCD-9CBE-AAAD9D02E08B}.Debug|Any CPU.ActiveCfg = Debug|Any CPU
		{7AD9EC7C-3F98-4FCD-9CBE-AAAD9D02E08B}.Debug|Any CPU.Build.0 = Debug|Any CPU
		{7AD9EC7C-3F98-4FCD-9CBE-AAAD9D02E08B}.Debug|x64.ActiveCfg = Debug|x64
		{7AD9EC7C-3F98-4FCD-9CBE-AAAD9D02E08B}.Debug|x64.Build.0 = Debug|x64
		{7AD9EC7C-3F98-4FCD-9CBE-AAAD9D02E08B}.Debug|x86.ActiveCfg = Debug|x86
		{7AD9EC7C-3F98-4FCD-9CBE-AAAD9D02E08B}.Debug|x86.Build.0 = Debug|x86
		{7AD9EC7C-3F98-4FCD-9CBE-AAAD9D02E08B}.Release|Any CPU.ActiveCfg = Release|Any CPU
		{7AD9EC7C-3F98-4FCD-9CBE-AAAD9D02E08B}.Release|Any CPU.Build.0 = Release|Any CPU
		{7AD9EC7C-3F98-4FCD-9CBE-AAAD9D02E08B}.Release|x64.ActiveCfg = Release|x64
		{7AD9EC7C-3F98-4FCD-9CBE-AAAD9D02E08B}.Release|x64.Build.0 = Release|x64
		{7AD9EC7C-3F98-4FCD-9CBE-AAAD9D02E08B}.Release|x86.ActiveCfg = Release|x86
		{7AD9EC7C-3F98-4FCD-9CBE-AAAD9D02E08B}.Release|x86.Build.0 = Release|x86
		{4C07F958-051A-4851-A619-A950F0ED1412}.Debug|Any CPU.ActiveCfg = Debug|Any CPU
		{4C07F958-051A-4851-A619-A950F0ED1412}.Debug|Any CPU.Build.0 = Debug|Any CPU
		{4C07F958-051A-4851-A619-A950F0ED1412}.Debug|x64.ActiveCfg = Debug|x64
		{4C07F958-051A-4851-A619-A950F0ED1412}.Debug|x64.Build.0 = Debug|x64
		{4C07F958-051A-4851-A619-A950F0ED1412}.Debug|x86.ActiveCfg = Debug|x86
		{4C07F958-051A-4851-A619-A950F0ED1412}.Debug|x86.Build.0 = Debug|x86
		{4C07F958-051A-4851-A619-A950F0ED1412}.Release|Any CPU.ActiveCfg = Release|Any CPU
		{4C07F958-051A-4851-A619-A950F0ED1412}.Release|Any CPU.Build.0 = Release|Any CPU
		{4C07F958-051A-4851-A619-A950F0ED1412}.Release|x64.ActiveCfg = Release|x64
		{4C07F958-051A-4851-A619-A950F0ED1412}.Release|x64.Build.0 = Release|x64
		{4C07F958-051A-4851-A619-A950F0ED1412}.Release|x86.ActiveCfg = Release|x86
		{4C07F958-051A-4851-A619-A950F0ED1412}.Release|x86.Build.0 = Release|x86
		{4ADF592F-053D-4D92-90F5-E47243F93A01}.Debug|Any CPU.ActiveCfg = Debug|Any CPU
		{4ADF592F-053D-4D92-90F5-E47243F93A01}.Debug|Any CPU.Build.0 = Debug|Any CPU
		{4ADF592F-053D-4D92-90F5-E47243F93A01}.Debug|x64.ActiveCfg = Debug|x64
		{4ADF592F-053D-4D92-90F5-E47243F93A01}.Debug|x64.Build.0 = Debug|x64
		{4ADF592F-053D-4D92-90F5-E47243F93A01}.Debug|x86.ActiveCfg = Debug|x86
		{4ADF592F-053D-4D92-90F5-E47243F93A01}.Debug|x86.Build.0 = Debug|x86
		{4ADF592F-053D-4D92-90F5-E47243F93A01}.Release|Any CPU.ActiveCfg = Release|Any CPU
		{4ADF592F-053D-4D92-90F5-E47243F93A01}.Release|Any CPU.Build.0 = Release|Any CPU
		{4ADF592F-053D-4D92-90F5-E47243F93A01}.Release|x64.ActiveCfg = Release|x64
		{4ADF592F-053D-4D92-90F5-E47243F93A01}.Release|x64.Build.0 = Release|x64
		{4ADF592F-053D-4D92-90F5-E47243F93A01}.Release|x86.ActiveCfg = Release|x86
		{4ADF592F-053D-4D92-90F5-E47243F93A01}.Release|x86.Build.0 = Release|x86
		{52FEF577-933E-4888-806F-6E9A4C562202}.Debug|Any CPU.ActiveCfg = Debug|Any CPU
		{52FEF577-933E-4888-806F-6E9A4C562202}.Debug|Any CPU.Build.0 = Debug|Any CPU
		{52FEF577-933E-4888-806F-6E9A4C562202}.Debug|x64.ActiveCfg = Debug|x64
		{52FEF577-933E-4888-806F-6E9A4C562202}.Debug|x64.Build.0 = Debug|x64
		{52FEF577-933E-4888-806F-6E9A4C562202}.Debug|x86.ActiveCfg = Debug|x86
		{52FEF577-933E-4888-806F-6E9A4C562202}.Debug|x86.Build.0 = Debug|x86
		{52FEF577-933E-4888-806F-6E9A4C562202}.Release|Any CPU.ActiveCfg = Release|Any CPU
		{52FEF577-933E-4888-806F-6E9A4C562202}.Release|Any CPU.Build.0 = Release|Any CPU
		{52FEF577-933E-4888-806F-6E9A4C562202}.Release|x64.ActiveCfg = Release|x64
		{52FEF577-933E-4888-806F-6E9A4C562202}.Release|x64.Build.0 = Release|x64
		{52FEF577-933E-4888-806F-6E9A4C562202}.Release|x86.ActiveCfg = Release|x86
		{52FEF577-933E-4888-806F-6E9A4C562202}.Release|x86.Build.0 = Release|x86
		{160B61BF-5CB1-45D7-90FC-FA27BAB8369E}.Debug|Any CPU.ActiveCfg = Debug|Any CPU
		{160B61BF-5CB1-45D7-90FC-FA27BAB8369E}.Debug|Any CPU.Build.0 = Debug|Any CPU
		{160B61BF-5CB1-45D7-90FC-FA27BAB8369E}.Debug|x64.ActiveCfg = Debug|x64
		{160B61BF-5CB1-45D7-90FC-FA27BAB8369E}.Debug|x64.Build.0 = Debug|x64
		{160B61BF-5CB1-45D7-90FC-FA27BAB8369E}.Debug|x86.ActiveCfg = Debug|x86
		{160B61BF-5CB1-45D7-90FC-FA27BAB8369E}.Debug|x86.Build.0 = Debug|x86
		{160B61BF-5CB1-45D7-90FC-FA27BAB8369E}.Release|Any CPU.ActiveCfg = Release|Any CPU
		{160B61BF-5CB1-45D7-90FC-FA27BAB8369E}.Release|Any CPU.Build.0 = Release|Any CPU
		{160B61BF-5CB1-45D7-90FC-FA27BAB8369E}.Release|x64.ActiveCfg = Release|x64
		{160B61BF-5CB1-45D7-90FC-FA27BAB8369E}.Release|x64.Build.0 = Release|x64
		{160B61BF-5CB1-45D7-90FC-FA27BAB8369E}.Release|x86.ActiveCfg = Release|x86
		{160B61BF-5CB1-45D7-90FC-FA27BAB8369E}.Release|x86.Build.0 = Release|x86
		{24C023EA-6DD7-4B3C-A299-50E97A2D9B16}.Debug|Any CPU.ActiveCfg = Debug|Any CPU
		{24C023EA-6DD7-4B3C-A299-50E97A2D9B16}.Debug|Any CPU.Build.0 = Debug|Any CPU
		{24C023EA-6DD7-4B3C-A299-50E97A2D9B16}.Debug|x64.ActiveCfg = Debug|x64
		{24C023EA-6DD7-4B3C-A299-50E97A2D9B16}.Debug|x64.Build.0 = Debug|x64
		{24C023EA-6DD7-4B3C-A299-50E97A2D9B16}.Debug|x86.ActiveCfg = Debug|x86
		{24C023EA-6DD7-4B3C-A299-50E97A2D9B16}.Debug|x86.Build.0 = Debug|x86
		{24C023EA-6DD7-4B3C-A299-50E97A2D9B16}.Release|Any CPU.ActiveCfg = Release|Any CPU
		{24C023EA-6DD7-4B3C-A299-50E97A2D9B16}.Release|Any CPU.Build.0 = Release|Any CPU
		{24C023EA-6DD7-4B3C-A299-50E97A2D9B16}.Release|x64.ActiveCfg = Release|x64
		{24C023EA-6DD7-4B3C-A299-50E97A2D9B16}.Release|x64.Build.0 = Release|x64
		{24C023EA-6DD7-4B3C-A299-50E97A2D9B16}.Release|x86.ActiveCfg = Release|x86
		{24C023EA-6DD7-4B3C-A299-50E97A2D9B16}.Release|x86.Build.0 = Release|x86
		{9B237155-C0DE-499F-AB05-81941AEDC762}.Debug|Any CPU.ActiveCfg = Debug|Any CPU
		{9B237155-C0DE-499F-AB05-81941AEDC762}.Debug|Any CPU.Build.0 = Debug|Any CPU
		{9B237155-C0DE-499F-AB05-81941AEDC762}.Debug|x64.ActiveCfg = Debug|x64
		{9B237155-C0DE-499F-AB05-81941AEDC762}.Debug|x64.Build.0 = Debug|x64
		{9B237155-C0DE-499F-AB05-81941AEDC762}.Debug|x86.ActiveCfg = Debug|x86
		{9B237155-C0DE-499F-AB05-81941AEDC762}.Debug|x86.Build.0 = Debug|x86
		{9B237155-C0DE-499F-AB05-81941AEDC762}.Release|Any CPU.ActiveCfg = Release|Any CPU
		{9B237155-C0DE-499F-AB05-81941AEDC762}.Release|Any CPU.Build.0 = Release|Any CPU
		{9B237155-C0DE-499F-AB05-81941AEDC762}.Release|x64.ActiveCfg = Release|x64
		{9B237155-C0DE-499F-AB05-81941AEDC762}.Release|x64.Build.0 = Release|x64
		{9B237155-C0DE-499F-AB05-81941AEDC762}.Release|x86.ActiveCfg = Release|x86
		{9B237155-C0DE-499F-AB05-81941AEDC762}.Release|x86.Build.0 = Release|x86
		{5DC44B07-15DD-4FD7-8DBC-B8E0ECF6F5D1}.Debug|Any CPU.ActiveCfg = Debug|Any CPU
		{5DC44B07-15DD-4FD7-8DBC-B8E0ECF6F5D1}.Debug|Any CPU.Build.0 = Debug|Any CPU
		{5DC44B07-15DD-4FD7-8DBC-B8E0ECF6F5D1}.Debug|x64.ActiveCfg = Debug|x64
		{5DC44B07-15DD-4FD7-8DBC-B8E0ECF6F5D1}.Debug|x64.Build.0 = Debug|x64
		{5DC44B07-15DD-4FD7-8DBC-B8E0ECF6F5D1}.Debug|x86.ActiveCfg = Debug|x86
		{5DC44B07-15DD-4FD7-8DBC-B8E0ECF6F5D1}.Debug|x86.Build.0 = Debug|x86
		{5DC44B07-15DD-4FD7-8DBC-B8E0ECF6F5D1}.Release|Any CPU.ActiveCfg = Release|Any CPU
		{5DC44B07-15DD-4FD7-8DBC-B8E0ECF6F5D1}.Release|Any CPU.Build.0 = Release|Any CPU
		{5DC44B07-15DD-4FD7-8DBC-B8E0ECF6F5D1}.Release|x64.ActiveCfg = Release|x64
		{5DC44B07-15DD-4FD7-8DBC-B8E0ECF6F5D1}.Release|x64.Build.0 = Release|x64
		{5DC44B07-15DD-4FD7-8DBC-B8E0ECF6F5D1}.Release|x86.ActiveCfg = Release|x86
		{5DC44B07-15DD-4FD7-8DBC-B8E0ECF6F5D1}.Release|x86.Build.0 = Release|x86
		{B2806B90-506F-4C85-A7FE-1192E5D1657C}.Debug|Any CPU.ActiveCfg = Debug|Any CPU
		{B2806B90-506F-4C85-A7FE-1192E5D1657C}.Debug|Any CPU.Build.0 = Debug|Any CPU
		{B2806B90-506F-4C85-A7FE-1192E5D1657C}.Debug|x64.ActiveCfg = Debug|x64
		{B2806B90-506F-4C85-A7FE-1192E5D1657C}.Debug|x64.Build.0 = Debug|x64
		{B2806B90-506F-4C85-A7FE-1192E5D1657C}.Debug|x86.ActiveCfg = Debug|x86
		{B2806B90-506F-4C85-A7FE-1192E5D1657C}.Debug|x86.Build.0 = Debug|x86
		{B2806B90-506F-4C85-A7FE-1192E5D1657C}.Release|Any CPU.ActiveCfg = Release|Any CPU
		{B2806B90-506F-4C85-A7FE-1192E5D1657C}.Release|Any CPU.Build.0 = Release|Any CPU
		{B2806B90-506F-4C85-A7FE-1192E5D1657C}.Release|x64.ActiveCfg = Release|x64
		{B2806B90-506F-4C85-A7FE-1192E5D1657C}.Release|x64.Build.0 = Release|x64
		{B2806B90-506F-4C85-A7FE-1192E5D1657C}.Release|x86.ActiveCfg = Release|x86
		{B2806B90-506F-4C85-A7FE-1192E5D1657C}.Release|x86.Build.0 = Release|x86
		{2EABABCA-B32A-4CEE-B27E-C30D1B966F1A}.Debug|Any CPU.ActiveCfg = Debug|Any CPU
		{2EABABCA-B32A-4CEE-B27E-C30D1B966F1A}.Debug|Any CPU.Build.0 = Debug|Any CPU
		{2EABABCA-B32A-4CEE-B27E-C30D1B966F1A}.Debug|x64.ActiveCfg = Debug|x64
		{2EABABCA-B32A-4CEE-B27E-C30D1B966F1A}.Debug|x64.Build.0 = Debug|x64
		{2EABABCA-B32A-4CEE-B27E-C30D1B966F1A}.Debug|x86.ActiveCfg = Debug|x86
		{2EABABCA-B32A-4CEE-B27E-C30D1B966F1A}.Debug|x86.Build.0 = Debug|x86
		{2EABABCA-B32A-4CEE-B27E-C30D1B966F1A}.Release|Any CPU.ActiveCfg = Release|Any CPU
		{2EABABCA-B32A-4CEE-B27E-C30D1B966F1A}.Release|Any CPU.Build.0 = Release|Any CPU
		{2EABABCA-B32A-4CEE-B27E-C30D1B966F1A}.Release|x64.ActiveCfg = Release|x64
		{2EABABCA-B32A-4CEE-B27E-C30D1B966F1A}.Release|x64.Build.0 = Release|x64
		{2EABABCA-B32A-4CEE-B27E-C30D1B966F1A}.Release|x86.ActiveCfg = Release|x86
		{2EABABCA-B32A-4CEE-B27E-C30D1B966F1A}.Release|x86.Build.0 = Release|x86
		{85953F91-597A-457A-9FC6-DF671F13B0E0}.Debug|Any CPU.ActiveCfg = Debug|Any CPU
		{85953F91-597A-457A-9FC6-DF671F13B0E0}.Debug|Any CPU.Build.0 = Debug|Any CPU
		{85953F91-597A-457A-9FC6-DF671F13B0E0}.Debug|x64.ActiveCfg = Debug|x64
		{85953F91-597A-457A-9FC6-DF671F13B0E0}.Debug|x64.Build.0 = Debug|x64
		{85953F91-597A-457A-9FC6-DF671F13B0E0}.Debug|x86.ActiveCfg = Debug|x86
		{85953F91-597A-457A-9FC6-DF671F13B0E0}.Debug|x86.Build.0 = Debug|x86
		{85953F91-597A-457A-9FC6-DF671F13B0E0}.Release|Any CPU.ActiveCfg = Release|Any CPU
		{85953F91-597A-457A-9FC6-DF671F13B0E0}.Release|Any CPU.Build.0 = Release|Any CPU
		{85953F91-597A-457A-9FC6-DF671F13B0E0}.Release|x64.ActiveCfg = Release|x64
		{85953F91-597A-457A-9FC6-DF671F13B0E0}.Release|x64.Build.0 = Release|x64
		{85953F91-597A-457A-9FC6-DF671F13B0E0}.Release|x86.ActiveCfg = Release|x86
		{85953F91-597A-457A-9FC6-DF671F13B0E0}.Release|x86.Build.0 = Release|x86
		{8D4E08DF-1C3E-4CB5-97F5-337B59BF08B9}.Debug|Any CPU.ActiveCfg = Debug|Any CPU
		{8D4E08DF-1C3E-4CB5-97F5-337B59BF08B9}.Debug|Any CPU.Build.0 = Debug|Any CPU
		{8D4E08DF-1C3E-4CB5-97F5-337B59BF08B9}.Debug|x64.ActiveCfg = Debug|x64
		{8D4E08DF-1C3E-4CB5-97F5-337B59BF08B9}.Debug|x64.Build.0 = Debug|x64
		{8D4E08DF-1C3E-4CB5-97F5-337B59BF08B9}.Debug|x86.ActiveCfg = Debug|x86
		{8D4E08DF-1C3E-4CB5-97F5-337B59BF08B9}.Debug|x86.Build.0 = Debug|x86
		{8D4E08DF-1C3E-4CB5-97F5-337B59BF08B9}.Release|Any CPU.ActiveCfg = Release|Any CPU
		{8D4E08DF-1C3E-4CB5-97F5-337B59BF08B9}.Release|Any CPU.Build.0 = Release|Any CPU
		{8D4E08DF-1C3E-4CB5-97F5-337B59BF08B9}.Release|x64.ActiveCfg = Release|x64
		{8D4E08DF-1C3E-4CB5-97F5-337B59BF08B9}.Release|x64.Build.0 = Release|x64
		{8D4E08DF-1C3E-4CB5-97F5-337B59BF08B9}.Release|x86.ActiveCfg = Release|x86
		{8D4E08DF-1C3E-4CB5-97F5-337B59BF08B9}.Release|x86.Build.0 = Release|x86
		{F35FFB65-2F80-444C-87C7-E0B49683E7D9}.Debug|Any CPU.ActiveCfg = Debug|Any CPU
		{F35FFB65-2F80-444C-87C7-E0B49683E7D9}.Debug|Any CPU.Build.0 = Debug|Any CPU
		{F35FFB65-2F80-444C-87C7-E0B49683E7D9}.Debug|x64.ActiveCfg = Debug|x64
		{F35FFB65-2F80-444C-87C7-E0B49683E7D9}.Debug|x64.Build.0 = Debug|x64
		{F35FFB65-2F80-444C-87C7-E0B49683E7D9}.Debug|x86.ActiveCfg = Debug|x86
		{F35FFB65-2F80-444C-87C7-E0B49683E7D9}.Debug|x86.Build.0 = Debug|x86
		{F35FFB65-2F80-444C-87C7-E0B49683E7D9}.Release|Any CPU.ActiveCfg = Release|Any CPU
		{F35FFB65-2F80-444C-87C7-E0B49683E7D9}.Release|Any CPU.Build.0 = Release|Any CPU
		{F35FFB65-2F80-444C-87C7-E0B49683E7D9}.Release|x64.ActiveCfg = Release|x64
		{F35FFB65-2F80-444C-87C7-E0B49683E7D9}.Release|x64.Build.0 = Release|x64
		{F35FFB65-2F80-444C-87C7-E0B49683E7D9}.Release|x86.ActiveCfg = Release|x86
		{F35FFB65-2F80-444C-87C7-E0B49683E7D9}.Release|x86.Build.0 = Release|x86
	EndGlobalSection
	GlobalSection(SolutionProperties) = preSolution
		HideSolutionNode = FALSE
	EndGlobalSection
EndGlobal
