
Microsoft Visual Studio Solution File, Format Version 10.00
# Visual Studio 2008
Project("{8BC9CEB8-8B4A-11D0-8D11-00A0C91BC942}") = "ConvertPixelType", "ConvertPixelType\ConvertPixelType_VS2008.vcproj", "{87DAAD8E-65C1-4B80-9B3C-32F310719AA2}"
EndProject
Project("{8BC9CEB8-8B4A-11D0-8D11-00A0C91BC942}") = "Grab_Callback", "Grab_Callback\Grab_Callback_VS2008.vcproj", "{5766FB34-5E29-4881-A193-06A19E0DC70E}"
EndProject
Project("{8BC9CEB8-8B4A-11D0-8D11-00A0C91BC942}") = "MultiCast", "MultiCast\MultiCast_VS2008.vcproj", "{06E0E35C-EA36-4518-932E-45BF723F7DD6}"
EndProject
Project("{8BC9CEB8-8B4A-11D0-8D11-00A0C91BC942}") = "ConnectSpecCamera", "ConnectSpecCamera\ConnectSpecCamera_VS2008.vcproj", "{66CBAB26-AE63-4217-A877-1D2D5CC91130}"
EndProject
Project("{8BC9CEB8-8B4A-11D0-8D11-00A0C91BC942}") = "GrabImage", "GrabImage\GrabImage_VS2008.vcproj", "{DB06545F-3846-42CF-B1F9-2FC51CFF9463}"
EndProject
Project("{8BC9CEB8-8B4A-11D0-8D11-00A0C91BC942}") = "ParametrizeCamera_LoadAndSave", "ParametrizeCamera_LoadAndSave\ParametrizeCamera_LoadAndSave_VS2008.vcproj", "{10FE12DA-4FCA-4F1D-9836-AF121518F0C8}"
EndProject
Project("{8BC9CEB8-8B4A-11D0-8D11-00A0C91BC942}") = "ParametrizeCamera_FileAccess", "ParametrizeCamera_FileAccess\ParametrizeCamera_FileAccess_VS2008.vcproj", "{33F55654-EA4E-49ED-BFA5-474DF723485B}"
EndProject
Project("{8BC9CEB8-8B4A-11D0-8D11-00A0C91BC942}") = "Events", "Events\Events_VS2008.vcproj", "{CCABE474-D46F-4303-A145-984BE65B81E7}"
EndProject
Project("{8BC9CEB8-8B4A-11D0-8D11-00A0C91BC942}") = "GrabImage_HighPerformance", "GrabImage_HighPerformance\GrabImage_HighPerformance_VS2008.vcproj", "{9B4BC895-DA3B-49A1-B283-D3EAD971D741}"
EndProject
Project("{8BC9CEB8-8B4A-11D0-8D11-00A0C91BC942}") = "Grab_ActionCommand", "Grab_ActionCommand\Grab_ActionCommand_VS2008.vcproj", "{89287189-BAAD-45C2-B18A-ABBDDDFAA783}"
EndProject
Project("{8BC9CEB8-8B4A-11D0-8D11-00A0C91BC942}") = "Recording", "Recording\Recording_VS2008.vcproj", "{AC25681D-7D90-452D-B422-90FFC6B8BE2C}"
EndProject
Project("{8BC9CEB8-8B4A-11D0-8D11-00A0C91BC942}") = "DynamicallyLoadDLL", "DynamicallyLoadDLL\DynamicallyLoadDLL_VS2008.vcproj", "{4D215C3E-0D67-46E8-97D7-FB3A8E62814A}"
EndProject
Project("{8BC9CEB8-8B4A-11D0-8D11-00A0C91BC942}") = "ChunkData", "ChunkData\ChunkData_VS2008.vcproj", "{BD0A26AE-FB19-42E5-AC4F-9B68E88EAEAA}"
EndProject
Project("{8BC9CEB8-8B4A-11D0-8D11-00A0C91BC942}") = "CamLBasicDemo", "CamLBasicDemo\CamLBasicDemo_VS2008.vcproj", "{F9DA96B4-57FB-44E3-85C1-0EFF300CB064}"
EndProject
Project("{8BC9CEB8-8B4A-11D0-8D11-00A0C91BC942}") = "GrabImage_Display", "GrabImage_Display\GrabImage_Display_VS2008.vcproj", "{DFFE2408-FA7C-468F-91E4-B879671FD35A}"
EndProject
Project("{8BC9CEB8-8B4A-11D0-8D11-00A0C91BC942}") = "GrabStrategies", "GrabStrategies\GrabStrategies_VS2008.vcproj", "{3129C595-B5AE-46D0-8C9C-D5D8F6B59569}"
EndProject
Project("{8BC9CEB8-8B4A-11D0-8D11-00A0C91BC942}") = "SavePointCloudData_3D", "SavePonitCloudData_3D\SavePointCloudData_3D_VS2008.vcproj", "{A12657DD-32E1-4CEA-AB8E-4254E5D0E822}"
EndProject
Project("{8BC9CEB8-8B4A-11D0-8D11-00A0C91BC942}") = "HighBandwidthDecode", "HighBandwidthDecode\HighBandwidthDecode_VS2008.vcproj", "{0AC98797-AD91-4651-B8FF-5218ED7384BD}"
EndProject
Project("{8BC9CEB8-8B4A-11D0-8D11-00A0C91BC942}") = "BayerSpatialDenoise", "BayerSpatialDenoise\BayerSpatialDenoise_VS2008.vcproj", "{3C74F994-A2D5-4B5C-B670-743526E408EB}"
EndProject
Global
	GlobalSection(SolutionConfigurationPlatforms) = preSolution
		Debug|Win32 = Debug|Win32
		Debug|x64 = Debug|x64
		Release|Win32 = Release|Win32
		Release|x64 = Release|x64
	EndGlobalSection
	GlobalSection(ProjectConfigurationPlatforms) = postSolution
		{87DAAD8E-65C1-4B80-9B3C-32F310719AA2}.Debug|Win32.ActiveCfg = Debug|Win32
		{87DAAD8E-65C1-4B80-9B3C-32F310719AA2}.Debug|Win32.Build.0 = Debug|Win32
		{87DAAD8E-65C1-4B80-9B3C-32F310719AA2}.Debug|x64.ActiveCfg = Debug|x64
		{87DAAD8E-65C1-4B80-9B3C-32F310719AA2}.Debug|x64.Build.0 = Debug|x64
		{87DAAD8E-65C1-4B80-9B3C-32F310719AA2}.Release|Win32.ActiveCfg = Release|Win32
		{87DAAD8E-65C1-4B80-9B3C-32F310719AA2}.Release|Win32.Build.0 = Release|Win32
		{87DAAD8E-65C1-4B80-9B3C-32F310719AA2}.Release|x64.ActiveCfg = Release|x64
		{87DAAD8E-65C1-4B80-9B3C-32F310719AA2}.Release|x64.Build.0 = Release|x64
		{5766FB34-5E29-4881-A193-06A19E0DC70E}.Debug|Win32.ActiveCfg = Debug|Win32
		{5766FB34-5E29-4881-A193-06A19E0DC70E}.Debug|Win32.Build.0 = Debug|Win32
		{5766FB34-5E29-4881-A193-06A19E0DC70E}.Debug|x64.ActiveCfg = Debug|x64
		{5766FB34-5E29-4881-A193-06A19E0DC70E}.Release|Win32.ActiveCfg = Release|Win32
		{5766FB34-5E29-4881-A193-06A19E0DC70E}.Release|Win32.Build.0 = Release|Win32
		{5766FB34-5E29-4881-A193-06A19E0DC70E}.Release|x64.ActiveCfg = Release|x64
		{06E0E35C-EA36-4518-932E-45BF723F7DD6}.Debug|Win32.ActiveCfg = Debug|Win32
		{06E0E35C-EA36-4518-932E-45BF723F7DD6}.Debug|Win32.Build.0 = Debug|Win32
		{06E0E35C-EA36-4518-932E-45BF723F7DD6}.Debug|x64.ActiveCfg = Debug|x64
		{06E0E35C-EA36-4518-932E-45BF723F7DD6}.Release|Win32.ActiveCfg = Release|Win32
		{06E0E35C-EA36-4518-932E-45BF723F7DD6}.Release|Win32.Build.0 = Release|Win32
		{06E0E35C-EA36-4518-932E-45BF723F7DD6}.Release|x64.ActiveCfg = Release|x64
		{66CBAB26-AE63-4217-A877-1D2D5CC91130}.Debug|Win32.ActiveCfg = Debug|Win32
		{66CBAB26-AE63-4217-A877-1D2D5CC91130}.Debug|Win32.Build.0 = Debug|Win32
		{66CBAB26-AE63-4217-A877-1D2D5CC91130}.Debug|x64.ActiveCfg = Debug|x64
		{66CBAB26-AE63-4217-A877-1D2D5CC91130}.Release|Win32.ActiveCfg = Release|Win32
		{66CBAB26-AE63-4217-A877-1D2D5CC91130}.Release|Win32.Build.0 = Release|Win32
		{66CBAB26-AE63-4217-A877-1D2D5CC91130}.Release|x64.ActiveCfg = Release|x64
		{DB06545F-3846-42CF-B1F9-2FC51CFF9463}.Debug|Win32.ActiveCfg = Debug|Win32
		{DB06545F-3846-42CF-B1F9-2FC51CFF9463}.Debug|Win32.Build.0 = Debug|Win32
		{DB06545F-3846-42CF-B1F9-2FC51CFF9463}.Debug|x64.ActiveCfg = Debug|x64
		{DB06545F-3846-42CF-B1F9-2FC51CFF9463}.Debug|x64.Build.0 = Debug|x64
		{DB06545F-3846-42CF-B1F9-2FC51CFF9463}.Release|Win32.ActiveCfg = Release|Win32
		{DB06545F-3846-42CF-B1F9-2FC51CFF9463}.Release|Win32.Build.0 = Release|Win32
		{DB06545F-3846-42CF-B1F9-2FC51CFF9463}.Release|x64.ActiveCfg = Release|x64
		{DB06545F-3846-42CF-B1F9-2FC51CFF9463}.Release|x64.Build.0 = Release|x64
		{10FE12DA-4FCA-4F1D-9836-AF121518F0C8}.Debug|Win32.ActiveCfg = Debug|Win32
		{10FE12DA-4FCA-4F1D-9836-AF121518F0C8}.Debug|Win32.Build.0 = Debug|Win32
		{10FE12DA-4FCA-4F1D-9836-AF121518F0C8}.Debug|x64.ActiveCfg = Debug|x64
		{10FE12DA-4FCA-4F1D-9836-AF121518F0C8}.Release|Win32.ActiveCfg = Release|Win32
		{10FE12DA-4FCA-4F1D-9836-AF121518F0C8}.Release|Win32.Build.0 = Release|Win32
		{10FE12DA-4FCA-4F1D-9836-AF121518F0C8}.Release|x64.ActiveCfg = Release|x64
		{33F55654-EA4E-49ED-BFA5-474DF723485B}.Debug|Win32.ActiveCfg = Debug|Win32
		{33F55654-EA4E-49ED-BFA5-474DF723485B}.Debug|Win32.Build.0 = Debug|Win32
		{33F55654-EA4E-49ED-BFA5-474DF723485B}.Debug|x64.ActiveCfg = Debug|x64
		{33F55654-EA4E-49ED-BFA5-474DF723485B}.Debug|x64.Build.0 = Debug|x64
		{33F55654-EA4E-49ED-BFA5-474DF723485B}.Release|Win32.ActiveCfg = Release|Win32
		{33F55654-EA4E-49ED-BFA5-474DF723485B}.Release|Win32.Build.0 = Release|Win32
		{33F55654-EA4E-49ED-BFA5-474DF723485B}.Release|x64.ActiveCfg = Release|x64
		{33F55654-EA4E-49ED-BFA5-474DF723485B}.Release|x64.Build.0 = Release|x64
		{CCABE474-D46F-4303-A145-984BE65B81E7}.Debug|Win32.ActiveCfg = Debug|Win32
		{CCABE474-D46F-4303-A145-984BE65B81E7}.Debug|Win32.Build.0 = Debug|Win32
		{CCABE474-D46F-4303-A145-984BE65B81E7}.Debug|x64.ActiveCfg = Debug|x64
		{CCABE474-D46F-4303-A145-984BE65B81E7}.Debug|x64.Build.0 = Debug|x64
		{CCABE474-D46F-4303-A145-984BE65B81E7}.Release|Win32.ActiveCfg = Release|Win32
		{CCABE474-D46F-4303-A145-984BE65B81E7}.Release|Win32.Build.0 = Release|Win32
		{CCABE474-D46F-4303-A145-984BE65B81E7}.Release|x64.ActiveCfg = Release|x64
		{CCABE474-D46F-4303-A145-984BE65B81E7}.Release|x64.Build.0 = Release|x64
		{9B4BC895-DA3B-49A1-B283-D3EAD971D741}.Debug|Win32.ActiveCfg = Debug|Win32
		{9B4BC895-DA3B-49A1-B283-D3EAD971D741}.Debug|Win32.Build.0 = Debug|Win32
		{9B4BC895-DA3B-49A1-B283-D3EAD971D741}.Debug|x64.ActiveCfg = Debug|x64
		{9B4BC895-DA3B-49A1-B283-D3EAD971D741}.Debug|x64.Build.0 = Debug|x64
		{9B4BC895-DA3B-49A1-B283-D3EAD971D741}.Release|Win32.ActiveCfg = Release|Win32
		{9B4BC895-DA3B-49A1-B283-D3EAD971D741}.Release|Win32.Build.0 = Release|Win32
		{9B4BC895-DA3B-49A1-B283-D3EAD971D741}.Release|x64.ActiveCfg = Release|x64
		{9B4BC895-DA3B-49A1-B283-D3EAD971D741}.Release|x64.Build.0 = Release|x64
		{89287189-BAAD-45C2-B18A-ABBDDDFAA783}.Debug|Win32.ActiveCfg = Debug|Win32
		{89287189-BAAD-45C2-B18A-ABBDDDFAA783}.Debug|Win32.Build.0 = Debug|Win32
		{89287189-BAAD-45C2-B18A-ABBDDDFAA783}.Debug|x64.ActiveCfg = Debug|x64
		{89287189-BAAD-45C2-B18A-ABBDDDFAA783}.Debug|x64.Build.0 = Debug|x64
		{89287189-BAAD-45C2-B18A-ABBDDDFAA783}.Release|Win32.ActiveCfg = Release|Win32
		{89287189-BAAD-45C2-B18A-ABBDDDFAA783}.Release|Win32.Build.0 = Release|Win32
		{89287189-BAAD-45C2-B18A-ABBDDDFAA783}.Release|x64.ActiveCfg = Release|x64
		{89287189-BAAD-45C2-B18A-ABBDDDFAA783}.Release|x64.Build.0 = Release|x64
		{AC25681D-7D90-452D-B422-90FFC6B8BE2C}.Debug|Win32.ActiveCfg = Debug|Win32
		{AC25681D-7D90-452D-B422-90FFC6B8BE2C}.Debug|Win32.Build.0 = Debug|Win32
		{AC25681D-7D90-452D-B422-90FFC6B8BE2C}.Debug|x64.ActiveCfg = Debug|x64
		{AC25681D-7D90-452D-B422-90FFC6B8BE2C}.Debug|x64.Build.0 = Debug|x64
		{AC25681D-7D90-452D-B422-90FFC6B8BE2C}.Release|Win32.ActiveCfg = Release|Win32
		{AC25681D-7D90-452D-B422-90FFC6B8BE2C}.Release|Win32.Build.0 = Release|Win32
		{AC25681D-7D90-452D-B422-90FFC6B8BE2C}.Release|x64.ActiveCfg = Release|x64
		{AC25681D-7D90-452D-B422-90FFC6B8BE2C}.Release|x64.Build.0 = Release|x64
		{4D215C3E-0D67-46E8-97D7-FB3A8E62814A}.Debug|Win32.ActiveCfg = Debug|Win32
		{4D215C3E-0D67-46E8-97D7-FB3A8E62814A}.Debug|Win32.Build.0 = Debug|Win32
		{4D215C3E-0D67-46E8-97D7-FB3A8E62814A}.Debug|x64.ActiveCfg = Debug|x64
		{4D215C3E-0D67-46E8-97D7-FB3A8E62814A}.Debug|x64.Build.0 = Debug|x64
		{4D215C3E-0D67-46E8-97D7-FB3A8E62814A}.Release|Win32.ActiveCfg = Release|Win32
		{4D215C3E-0D67-46E8-97D7-FB3A8E62814A}.Release|Win32.Build.0 = Release|Win32
		{4D215C3E-0D67-46E8-97D7-FB3A8E62814A}.Release|x64.ActiveCfg = Release|x64
		{4D215C3E-0D67-46E8-97D7-FB3A8E62814A}.Release|x64.Build.0 = Release|x64
		{BD0A26AE-FB19-42E5-AC4F-9B68E88EAEAA}.Debug|Win32.ActiveCfg = Debug|Win32
		{BD0A26AE-FB19-42E5-AC4F-9B68E88EAEAA}.Debug|Win32.Build.0 = Debug|Win32
		{BD0A26AE-FB19-42E5-AC4F-9B68E88EAEAA}.Debug|x64.ActiveCfg = Debug|x64
		{BD0A26AE-FB19-42E5-AC4F-9B68E88EAEAA}.Debug|x64.Build.0 = Debug|x64
		{BD0A26AE-FB19-42E5-AC4F-9B68E88EAEAA}.Release|Win32.ActiveCfg = Release|Win32
		{BD0A26AE-FB19-42E5-AC4F-9B68E88EAEAA}.Release|Win32.Build.0 = Release|Win32
		{BD0A26AE-FB19-42E5-AC4F-9B68E88EAEAA}.Release|x64.ActiveCfg = Release|x64
		{BD0A26AE-FB19-42E5-AC4F-9B68E88EAEAA}.Release|x64.Build.0 = Release|x64
		{F9DA96B4-57FB-44E3-85C1-0EFF300CB064}.Debug|Win32.ActiveCfg = Debug|Win32
		{F9DA96B4-57FB-44E3-85C1-0EFF300CB064}.Debug|Win32.Build.0 = Debug|Win32
		{F9DA96B4-57FB-44E3-85C1-0EFF300CB064}.Debug|x64.ActiveCfg = Debug|x64
		{F9DA96B4-57FB-44E3-85C1-0EFF300CB064}.Debug|x64.Build.0 = Debug|x64
		{F9DA96B4-57FB-44E3-85C1-0EFF300CB064}.Release|Win32.ActiveCfg = Release|Win32
		{F9DA96B4-57FB-44E3-85C1-0EFF300CB064}.Release|Win32.Build.0 = Release|Win32
		{F9DA96B4-57FB-44E3-85C1-0EFF300CB064}.Release|x64.ActiveCfg = Release|x64
		{F9DA96B4-57FB-44E3-85C1-0EFF300CB064}.Release|x64.Build.0 = Release|x64
		{DFFE2408-FA7C-468F-91E4-B879671FD35A}.Debug|Win32.ActiveCfg = Debug|Win32
		{DFFE2408-FA7C-468F-91E4-B879671FD35A}.Debug|Win32.Build.0 = Debug|Win32
		{DFFE2408-FA7C-468F-91E4-B879671FD35A}.Debug|x64.ActiveCfg = Debug|x64
		{DFFE2408-FA7C-468F-91E4-B879671FD35A}.Debug|x64.Build.0 = Debug|x64
		{DFFE2408-FA7C-468F-91E4-B879671FD35A}.Release|Win32.ActiveCfg = Release|Win32
		{DFFE2408-FA7C-468F-91E4-B879671FD35A}.Release|Win32.Build.0 = Release|Win32
		{DFFE2408-FA7C-468F-91E4-B879671FD35A}.Release|x64.ActiveCfg = Release|x64
		{DFFE2408-FA7C-468F-91E4-B879671FD35A}.Release|x64.Build.0 = Release|x64
		{3129C595-B5AE-46D0-8C9C-D5D8F6B59569}.Debug|Win32.ActiveCfg = Debug|Win32
		{3129C595-B5AE-46D0-8C9C-D5D8F6B59569}.Debug|Win32.Build.0 = Debug|Win32
		{3129C595-B5AE-46D0-8C9C-D5D8F6B59569}.Debug|x64.ActiveCfg = Debug|x64
		{3129C595-B5AE-46D0-8C9C-D5D8F6B59569}.Debug|x64.Build.0 = Debug|x64
		{3129C595-B5AE-46D0-8C9C-D5D8F6B59569}.Release|Win32.ActiveCfg = Release|Win32
		{3129C595-B5AE-46D0-8C9C-D5D8F6B59569}.Release|Win32.Build.0 = Release|Win32
		{3129C595-B5AE-46D0-8C9C-D5D8F6B59569}.Release|x64.ActiveCfg = Release|x64
		{3129C595-B5AE-46D0-8C9C-D5D8F6B59569}.Release|x64.Build.0 = Release|x64
		{A12657DD-32E1-4CEA-AB8E-4254E5D0E822}.Debug|Win32.ActiveCfg = Debug|Win32
		{A12657DD-32E1-4CEA-AB8E-4254E5D0E822}.Debug|Win32.Build.0 = Debug|Win32
		{A12657DD-32E1-4CEA-AB8E-4254E5D0E822}.Debug|x64.ActiveCfg = Debug|x64
		{A12657DD-32E1-4CEA-AB8E-4254E5D0E822}.Debug|x64.Build.0 = Debug|x64
		{A12657DD-32E1-4CEA-AB8E-4254E5D0E822}.Release|Win32.ActiveCfg = Release|Win32
		{A12657DD-32E1-4CEA-AB8E-4254E5D0E822}.Release|Win32.Build.0 = Release|Win32
		{A12657DD-32E1-4CEA-AB8E-4254E5D0E822}.Release|x64.ActiveCfg = Release|x64
		{A12657DD-32E1-4CEA-AB8E-4254E5D0E822}.Release|x64.Build.0 = Release|x64
		{0AC98797-AD91-4651-B8FF-5218ED7384BD}.Debug|Win32.ActiveCfg = Debug|Win32
		{0AC98797-AD91-4651-B8FF-5218ED7384BD}.Debug|Win32.Build.0 = Debug|Win32
		{0AC98797-AD91-4651-B8FF-5218ED7384BD}.Debug|x64.ActiveCfg = Debug|x64
		{0AC98797-AD91-4651-B8FF-5218ED7384BD}.Debug|x64.Build.0 = Debug|x64
		{0AC98797-AD91-4651-B8FF-5218ED7384BD}.Release|Win32.ActiveCfg = Release|Win32
		{0AC98797-AD91-4651-B8FF-5218ED7384BD}.Release|Win32.Build.0 = Release|Win32
		{0AC98797-AD91-4651-B8FF-5218ED7384BD}.Release|x64.ActiveCfg = Release|x64
		{0AC98797-AD91-4651-B8FF-5218ED7384BD}.Release|x64.Build.0 = Release|x64
		{3C74F994-A2D5-4B5C-B670-743526E408EB}.Debug|Win32.ActiveCfg = Debug|Win32
		{3C74F994-A2D5-4B5C-B670-743526E408EB}.Debug|Win32.Build.0 = Debug|Win32
		{3C74F994-A2D5-4B5C-B670-743526E408EB}.Debug|x64.ActiveCfg = Debug|x64
		{3C74F994-A2D5-4B5C-B670-743526E408EB}.Debug|x64.Build.0 = Debug|x64
		{3C74F994-A2D5-4B5C-B670-743526E408EB}.Release|Win32.ActiveCfg = Release|Win32
		{3C74F994-A2D5-4B5C-B670-743526E408EB}.Release|Win32.Build.0 = Release|Win32
		{3C74F994-A2D5-4B5C-B670-743526E408EB}.Release|x64.ActiveCfg = Release|x64
		{3C74F994-A2D5-4B5C-B670-743526E408EB}.Release|x64.Build.0 = Release|x64
	EndGlobalSection
	GlobalSection(SolutionProperties) = preSolution
		HideSolutionNode = FALSE
	EndGlobalSection
EndGlobal
